
Microsoft Visual Studio Solution File, Format Version 12.00
# Visual Studio Version 16
VisualStudioVersion = 16.0.32106.194
MinimumVisualStudioVersion = 10.0.40219.1
Project("{9A19103F-16F7-4668-BE54-9A1E7A4F7556}") = "Catalog.API", "Services\Catalog\Catalog.API\Catalog.API.csproj", "{C40C91A0-124A-411B-86F7-AC66558D7928}"
EndProject
Project("{E53339B2-1760-4266-BCC7-CA923CBCF16C}") = "docker-compose", "docker-compose.dcproj", "{674D591F-2CD7-454C-96DD-9A3AD90B1C3E}"
EndProject
Project("{2150E333-8FDC-42A3-9474-1A3956D46DE8}") = "NewFolder1", "NewFolder1", "{50A84A55-5580-4180-8BB5-6C037DD340E4}"
EndProject
Global
	GlobalSection(SolutionConfigurationPlatforms) = preSolution
		Debug|Any CPU = Debug|Any CPU
		Release|Any CPU = Release|Any CPU
	EndGlobalSection
	GlobalSection(ProjectConfigurationPlatforms) = postSolution
		{C40C91A0-124A-411B-86F7-AC66558D7928}.Debug|Any CPU.ActiveCfg = Debug|Any CPU
		{C40C91A0-124A-411B-86F7-AC66558D7928}.Debug|Any CPU.Build.0 = Debug|Any CPU
		{C40C91A0-124A-411B-86F7-AC66558D7928}.Release|Any CPU.ActiveCfg = Release|Any CPU
		{C40C91A0-124A-411B-86F7-AC66558D7928}.Release|Any CPU.Build.0 = Release|Any CPU
		{674D591F-2CD7-454C-96DD-9A3AD90B1C3E}.Debug|Any CPU.ActiveCfg = Debug|Any CPU
		{674D591F-2CD7-454C-96DD-9A3AD90B1C3E}.Debug|Any CPU.Build.0 = Debug|Any CPU
		{674D591F-2CD7-454C-96DD-9A3AD90B1C3E}.Release|Any CPU.ActiveCfg = Release|Any CPU
		{674D591F-2CD7-454C-96DD-9A3AD90B1C3E}.Release|Any CPU.Build.0 = Release|Any CPU
	EndGlobalSection
	GlobalSection(SolutionProperties) = preSolution
		HideSolutionNode = FALSE
	EndGlobalSection
	GlobalSection(ExtensibilityGlobals) = postSolution
		SolutionGuid = {B3DC2EA8-BD83-46A1-9ED5-708EEAC2F830}
	EndGlobalSection
EndGlobal
