
Microsoft Visual Studio Solution File, Format Version 12.00
# Visual Studio Version 16
VisualStudioVersion = 16.0.32228.343
MinimumVisualStudioVersion = 10.0.40219.1
Project("{9A19103F-16F7-4668-BE54-9A1E7A4F7556}") = "Catalog.API", "Services\Catalog\Catalog.API\Catalog.API.csproj", "{C40C91A0-124A-411B-86F7-AC66558D7928}"
EndProject
Project("{E53339B2-1760-4266-BCC7-CA923CBCF16C}") = "docker-compose", "docker-compose.dcproj", "{674D591F-2CD7-454C-96DD-9A3AD90B1C3E}"
EndProject
Project("{9A19103F-16F7-4668-BE54-9A1E7A4F7556}") = "Basket.API", "Services\Basket\Basket.API\Basket.API.csproj", "{C56862C8-5BC1-4B0A-83F9-20F939758B92}"
EndProject
Project("{2150E333-8FDC-42A3-9474-1A3956D46DE8}") = "Discount", "Discount", "{420A80FB-C53C-4A5F-B68D-591756841525}"
EndProject
Project("{9A19103F-16F7-4668-BE54-9A1E7A4F7556}") = "Discount.API", "Services\Discount\Discount.API\Discount.API.csproj", "{7D6A6128-60FD-4548-A1FA-67E04A0A34F0}"
EndProject
Project("{9A19103F-16F7-4668-BE54-9A1E7A4F7556}") = "Discount.Grpc", "Services\Discount\Discount.Grpc\Discount.Grpc.csproj", "{745D9FA5-5B2C-4655-AEE8-1BFD2039F1B3}"
EndProject
Project("{2150E333-8FDC-42A3-9474-1A3956D46DE8}") = "Ordering", "Ordering", "{5BA8DEB5-EF7F-4771-AF5E-4714D078D90E}"
EndProject
Project("{9A19103F-16F7-4668-BE54-9A1E7A4F7556}") = "Ordering.API", "Services\Ordering\Ordering.API\Ordering.API.csproj", "{F37184B0-CC8B-44A2-92DF-6908756F230B}"
EndProject
Project("{9A19103F-16F7-4668-BE54-9A1E7A4F7556}") = "Ordering.Domain", "Services\Ordering\Ordering.Domain\Ordering.Domain.csproj", "{3858E1AA-7039-400E-86A5-AA52D617D573}"
EndProject
Project("{9A19103F-16F7-4668-BE54-9A1E7A4F7556}") = "Ordering.Application", "Services\Ordering\Ordering.Application\Ordering.Application.csproj", "{2FE4C05B-AE80-4F16-A6B9-7DE37462E587}"
EndProject
Project("{9A19103F-16F7-4668-BE54-9A1E7A4F7556}") = "Ordering.Infrastructure", "Services\Ordering\Ordering.Infrastructure\Ordering.Infrastructure.csproj", "{595C5E9D-EBA2-4FA5-B45A-CC068E5854FC}"
EndProject
Project("{2150E333-8FDC-42A3-9474-1A3956D46DE8}") = "BuildingBlocks", "BuildingBlocks", "{DC06F0E2-AC6F-429E-BE40-752A08D929B9}"
EndProject
Project("{9A19103F-16F7-4668-BE54-9A1E7A4F7556}") = "EventBus.Messages", "BuildingBlocks\EventBus.Messages\EventBus.Messages.csproj", "{081AEAFE-0138-4036-8EAD-EC908362B8E6}"
EndProject
Project("{2150E333-8FDC-42A3-9474-1A3956D46DE8}") = "ApiGateways", "ApiGateways", "{D9B07783-5EA5-413C-AA9C-0F799EC69B9F}"
EndProject
Project("{FAE04EC0-301F-11D3-BF4B-00C04F79EFBC}") = "OcelotApiGw", "ApiGateways\OcelotApiGw\OcelotApiGw.csproj", "{09A6D6DA-78D0-4761-B2A3-7C7FF1C43761}"
EndProject
Global
	GlobalSection(SolutionConfigurationPlatforms) = preSolution
		Debug|Any CPU = Debug|Any CPU
		Release|Any CPU = Release|Any CPU
	EndGlobalSection
	GlobalSection(ProjectConfigurationPlatforms) = postSolution
		{C40C91A0-124A-411B-86F7-AC66558D7928}.Debug|Any CPU.ActiveCfg = Debug|Any CPU
		{C40C91A0-124A-411B-86F7-AC66558D7928}.Debug|Any CPU.Build.0 = Debug|Any CPU
		{C40C91A0-124A-411B-86F7-AC66558D7928}.Release|Any CPU.ActiveCfg = Release|Any CPU
		{C40C91A0-124A-411B-86F7-AC66558D7928}.Release|Any CPU.Build.0 = Release|Any CPU
		{674D591F-2CD7-454C-96DD-9A3AD90B1C3E}.Debug|Any CPU.ActiveCfg = Debug|Any CPU
		{674D591F-2CD7-454C-96DD-9A3AD90B1C3E}.Debug|Any CPU.Build.0 = Debug|Any CPU
		{674D591F-2CD7-454C-96DD-9A3AD90B1C3E}.Release|Any CPU.ActiveCfg = Release|Any CPU
		{674D591F-2CD7-454C-96DD-9A3AD90B1C3E}.Release|Any CPU.Build.0 = Release|Any CPU
		{C56862C8-5BC1-4B0A-83F9-20F939758B92}.Debug|Any CPU.ActiveCfg = Debug|Any CPU
		{C56862C8-5BC1-4B0A-83F9-20F939758B92}.Debug|Any CPU.Build.0 = Debug|Any CPU
		{C56862C8-5BC1-4B0A-83F9-20F939758B92}.Release|Any CPU.ActiveCfg = Release|Any CPU
		{C56862C8-5BC1-4B0A-83F9-20F939758B92}.Release|Any CPU.Build.0 = Release|Any CPU
		{7D6A6128-60FD-4548-A1FA-67E04A0A34F0}.Debug|Any CPU.ActiveCfg = Debug|Any CPU
		{7D6A6128-60FD-4548-A1FA-67E04A0A34F0}.Debug|Any CPU.Build.0 = Debug|Any CPU
		{7D6A6128-60FD-4548-A1FA-67E04A0A34F0}.Release|Any CPU.ActiveCfg = Release|Any CPU
		{7D6A6128-60FD-4548-A1FA-67E04A0A34F0}.Release|Any CPU.Build.0 = Release|Any CPU
		{745D9FA5-5B2C-4655-AEE8-1BFD2039F1B3}.Debug|Any CPU.ActiveCfg = Debug|Any CPU
		{745D9FA5-5B2C-4655-AEE8-1BFD2039F1B3}.Debug|Any CPU.Build.0 = Debug|Any CPU
		{745D9FA5-5B2C-4655-AEE8-1BFD2039F1B3}.Release|Any CPU.ActiveCfg = Release|Any CPU
		{745D9FA5-5B2C-4655-AEE8-1BFD2039F1B3}.Release|Any CPU.Build.0 = Release|Any CPU
		{F37184B0-CC8B-44A2-92DF-6908756F230B}.Debug|Any CPU.ActiveCfg = Debug|Any CPU
		{F37184B0-CC8B-44A2-92DF-6908756F230B}.Debug|Any CPU.Build.0 = Debug|Any CPU
		{F37184B0-CC8B-44A2-92DF-6908756F230B}.Release|Any CPU.ActiveCfg = Release|Any CPU
		{F37184B0-CC8B-44A2-92DF-6908756F230B}.Release|Any CPU.Build.0 = Release|Any CPU
		{3858E1AA-7039-400E-86A5-AA52D617D573}.Debug|Any CPU.ActiveCfg = Debug|Any CPU
		{3858E1AA-7039-400E-86A5-AA52D617D573}.Debug|Any CPU.Build.0 = Debug|Any CPU
		{3858E1AA-7039-400E-86A5-AA52D617D573}.Release|Any CPU.ActiveCfg = Release|Any CPU
		{3858E1AA-7039-400E-86A5-AA52D617D573}.Release|Any CPU.Build.0 = Release|Any CPU
		{2FE4C05B-AE80-4F16-A6B9-7DE37462E587}.Debug|Any CPU.ActiveCfg = Debug|Any CPU
		{2FE4C05B-AE80-4F16-A6B9-7DE37462E587}.Debug|Any CPU.Build.0 = Debug|Any CPU
		{2FE4C05B-AE80-4F16-A6B9-7DE37462E587}.Release|Any CPU.ActiveCfg = Release|Any CPU
		{2FE4C05B-AE80-4F16-A6B9-7DE37462E587}.Release|Any CPU.Build.0 = Release|Any CPU
		{595C5E9D-EBA2-4FA5-B45A-CC068E5854FC}.Debug|Any CPU.ActiveCfg = Debug|Any CPU
		{595C5E9D-EBA2-4FA5-B45A-CC068E5854FC}.Debug|Any CPU.Build.0 = Debug|Any CPU
		{595C5E9D-EBA2-4FA5-B45A-CC068E5854FC}.Release|Any CPU.ActiveCfg = Release|Any CPU
		{595C5E9D-EBA2-4FA5-B45A-CC068E5854FC}.Release|Any CPU.Build.0 = Release|Any CPU
		{081AEAFE-0138-4036-8EAD-EC908362B8E6}.Debug|Any CPU.ActiveCfg = Debug|Any CPU
		{081AEAFE-0138-4036-8EAD-EC908362B8E6}.Debug|Any CPU.Build.0 = Debug|Any CPU
		{081AEAFE-0138-4036-8EAD-EC908362B8E6}.Release|Any CPU.ActiveCfg = Release|Any CPU
		{081AEAFE-0138-4036-8EAD-EC908362B8E6}.Release|Any CPU.Build.0 = Release|Any CPU
		{09A6D6DA-78D0-4761-B2A3-7C7FF1C43761}.Debug|Any CPU.ActiveCfg = Debug|Any CPU
		{09A6D6DA-78D0-4761-B2A3-7C7FF1C43761}.Debug|Any CPU.Build.0 = Debug|Any CPU
		{09A6D6DA-78D0-4761-B2A3-7C7FF1C43761}.Release|Any CPU.ActiveCfg = Release|Any CPU
		{09A6D6DA-78D0-4761-B2A3-7C7FF1C43761}.Release|Any CPU.Build.0 = Release|Any CPU
	EndGlobalSection
	GlobalSection(SolutionProperties) = preSolution
		HideSolutionNode = FALSE
	EndGlobalSection
	GlobalSection(NestedProjects) = preSolution
		{7D6A6128-60FD-4548-A1FA-67E04A0A34F0} = {420A80FB-C53C-4A5F-B68D-591756841525}
		{745D9FA5-5B2C-4655-AEE8-1BFD2039F1B3} = {420A80FB-C53C-4A5F-B68D-591756841525}
		{F37184B0-CC8B-44A2-92DF-6908756F230B} = {5BA8DEB5-EF7F-4771-AF5E-4714D078D90E}
		{3858E1AA-7039-400E-86A5-AA52D617D573} = {5BA8DEB5-EF7F-4771-AF5E-4714D078D90E}
		{2FE4C05B-AE80-4F16-A6B9-7DE37462E587} = {5BA8DEB5-EF7F-4771-AF5E-4714D078D90E}
		{595C5E9D-EBA2-4FA5-B45A-CC068E5854FC} = {5BA8DEB5-EF7F-4771-AF5E-4714D078D90E}
		{081AEAFE-0138-4036-8EAD-EC908362B8E6} = {DC06F0E2-AC6F-429E-BE40-752A08D929B9}
		{09A6D6DA-78D0-4761-B2A3-7C7FF1C43761} = {D9B07783-5EA5-413C-AA9C-0F799EC69B9F}
	EndGlobalSection
	GlobalSection(ExtensibilityGlobals) = postSolution
		SolutionGuid = {B3DC2EA8-BD83-46A1-9ED5-708EEAC2F830}
	EndGlobalSection
EndGlobal
